
Microsoft Visual Studio Solution File, Format Version 12.00
# Visual Studio Version 17
VisualStudioVersion = 17.14.36414.22
MinimumVisualStudioVersion = 10.0.40219.1
Project("{FAE04EC0-301F-11D3-BF4B-00C04F79EFBC}") = "Ecommerce", "Ecommerce\Ecommerce.csproj", "{CD549B81-4882-4D2A-95AE-3BA7ACFD57C9}"
EndProject
Project("{FAE04EC0-301F-11D3-BF4B-00C04F79EFBC}") = "Ecommerce_Temp", "Ecommerce_Temp\Ecommerce_Temp.csproj", "{FE48A282-45FC-4D14-B126-D6C006ED09AE}"
EndProject
Project("{FAE04EC0-301F-11D3-BF4B-00C04F79EFBC}") = "Ecommerce.Models", "Ecommerce.Models\Ecommerce.Models.csproj", "{54543FC1-34B9-4C69-AC02-E86340A0EFBE}"
EndProject
Project("{FAE04EC0-301F-11D3-BF4B-00C04F79EFBC}") = "Ecommerce.Utility", "Ecommerce.Utility\Ecommerce.Utility.csproj", "{D6B210FA-B40B-4AEE-AA93-09A26CD0C1F5}"
EndProject
Project("{FAE04EC0-301F-11D3-BF4B-00C04F79EFBC}") = "Ecommerce.DataAccess", "Ecommerce.DataAccess\Ecommerce.DataAccess.csproj", "{F40E1563-B00B-43E9-A2AF-6080C0CD4CA2}"
EndProject
Global
	GlobalSection(SolutionConfigurationPlatforms) = preSolution
		Debug|Any CPU = Debug|Any CPU
		Release|Any CPU = Release|Any CPU
	EndGlobalSection
	GlobalSection(ProjectConfigurationPlatforms) = postSolution
		{CD549B81-4882-4D2A-95AE-3BA7ACFD57C9}.Debug|Any CPU.ActiveCfg = Debug|Any CPU
		{CD549B81-4882-4D2A-95AE-3BA7ACFD57C9}.Debug|Any CPU.Build.0 = Debug|Any CPU
		{CD549B81-4882-4D2A-95AE-3BA7ACFD57C9}.Release|Any CPU.ActiveCfg = Release|Any CPU
		{CD549B81-4882-4D2A-95AE-3BA7ACFD57C9}.Release|Any CPU.Build.0 = Release|Any CPU
		{FE48A282-45FC-4D14-B126-D6C006ED09AE}.Debug|Any CPU.ActiveCfg = Debug|Any CPU
		{FE48A282-45FC-4D14-B126-D6C006ED09AE}.Debug|Any CPU.Build.0 = Debug|Any CPU
		{FE48A282-45FC-4D14-B126-D6C006ED09AE}.Release|Any CPU.ActiveCfg = Release|Any CPU
		{FE48A282-45FC-4D14-B126-D6C006ED09AE}.Release|Any CPU.Build.0 = Release|Any CPU
		{54543FC1-34B9-4C69-AC02-E86340A0EFBE}.Debug|Any CPU.ActiveCfg = Debug|Any CPU
		{54543FC1-34B9-4C69-AC02-E86340A0EFBE}.Debug|Any CPU.Build.0 = Debug|Any CPU
		{54543FC1-34B9-4C69-AC02-E86340A0EFBE}.Release|Any CPU.ActiveCfg = Release|Any CPU
		{54543FC1-34B9-4C69-AC02-E86340A0EFBE}.Release|Any CPU.Build.0 = Release|Any CPU
		{D6B210FA-B40B-4AEE-AA93-09A26CD0C1F5}.Debug|Any CPU.ActiveCfg = Debug|Any CPU
		{D6B210FA-B40B-4AEE-AA93-09A26CD0C1F5}.Debug|Any CPU.Build.0 = Debug|Any CPU
		{D6B210FA-B40B-4AEE-AA93-09A26CD0C1F5}.Release|Any CPU.ActiveCfg = Release|Any CPU
		{D6B210FA-B40B-4AEE-AA93-09A26CD0C1F5}.Release|Any CPU.Build.0 = Release|Any CPU
		{F40E1563-B00B-43E9-A2AF-6080C0CD4CA2}.Debug|Any CPU.ActiveCfg = Debug|Any CPU
		{F40E1563-B00B-43E9-A2AF-6080C0CD4CA2}.Debug|Any CPU.Build.0 = Debug|Any CPU
		{F40E1563-B00B-43E9-A2AF-6080C0CD4CA2}.Release|Any CPU.ActiveCfg = Release|Any CPU
		{F40E1563-B00B-43E9-A2AF-6080C0CD4CA2}.Release|Any CPU.Build.0 = Release|Any CPU
	EndGlobalSection
	GlobalSection(SolutionProperties) = preSolution
		HideSolutionNode = FALSE
	EndGlobalSection
	GlobalSection(ExtensibilityGlobals) = postSolution
		SolutionGuid = {40906CD0-07FF-49EE-9DB0-72AA4F66A623}
	EndGlobalSection
EndGlobal
